{
  "name": "zenn",
  "version": "1.0.0",
  "lockfileVersion": 3,
  "requires": true,
  "packages": {
    "": {
      "name": "zenn",
      "version": "1.0.0",
      "license": "ISC",
      "dependencies": {
        "zenn-cli": "^0.1.144"
      },
      "devDependencies": {
        "prettier": "3.0.0-alpha.6"
      }
    },
    "node_modules/prettier": {
      "version": "3.0.0-alpha.6",
      "resolved": "https://registry.npmjs.org/prettier/-/prettier-3.0.0-alpha.6.tgz",
      "integrity": "sha512-AdbQSZ6Oo+iy9Ekzmsgno05P1uX2vqPkjOMJqRfP8hTe+m6iDw4Nt7bPFpWZ/HYCU+3f0P5U0o2ghxQwwkLH7A==",
      "dev": true,
      "bin": {
        "prettier": "bin/prettier.cjs"
      },
      "engines": {
        "node": ">=14"
      },
      "funding": {
        "url": "https://github.com/prettier/prettier?sponsor=1"
      }
    },
    "node_modules/zenn-cli": {
      "version": "0.1.144",
      "resolved": "https://registry.npmjs.org/zenn-cli/-/zenn-cli-0.1.144.tgz",
      "integrity": "sha512-vReeYJg2ySjIUKSm5shKdi8rLmMO31Mtk7/xcTJVMSY0sLWJemTgtV8Mcpe1lIvTLKwg5SjfAa3iWjX0HIy3EA==",
      "bin": {
        "zenn": "dist/server/zenn.js"
      },
      "engines": {
        "node": ">=14.0.0"
      }
    }
  }
}
